// !$*UTF8*$!
{
	archiveVersion = 1;
	classes = {
	};
	objectVersion = 51;
	objects = {

/* Begin PBXBuildFile section */
		EA6ADC8C256D073E00DB819B /* LyricsTableViewCell.swift in Sources */ = {isa = PBXBuildFile; fileRef = EA6ADC8A256D073E00DB819B /* LyricsTableViewCell.swift */; };
		EA6ADC8D256D073E00DB819B /* LyricsTableViewCell.xib in Resources */ = {isa = PBXBuildFile; fileRef = EA6ADC8B256D073E00DB819B /* LyricsTableViewCell.xib */; };
		EA7305C5256780A200A3EA61 /* AppDelegate.swift in Sources */ = {isa = PBXBuildFile; fileRef = EA7305C4256780A200A3EA61 /* AppDelegate.swift */; };
		EA7305C7256780A200A3EA61 /* SceneDelegate.swift in Sources */ = {isa = PBXBuildFile; fileRef = EA7305C6256780A200A3EA61 /* SceneDelegate.swift */; };
		EA7305CC256780A200A3EA61 /* Main.storyboard in Resources */ = {isa = PBXBuildFile; fileRef = EA7305CA256780A200A3EA61 /* Main.storyboard */; };
		EA7305CE256780A400A3EA61 /* Assets.xcassets in Resources */ = {isa = PBXBuildFile; fileRef = EA7305CD256780A400A3EA61 /* Assets.xcassets */; };
		EA7305D1256780A400A3EA61 /* LaunchScreen.storyboard in Resources */ = {isa = PBXBuildFile; fileRef = EA7305CF256780A400A3EA61 /* LaunchScreen.storyboard */; };
		EA73064925678D9D00A3EA61 /* LaunchViewController.swift in Sources */ = {isa = PBXBuildFile; fileRef = EA73064825678D9D00A3EA61 /* LaunchViewController.swift */; };
		EA73064D25678FB600A3EA61 /* MusicViewController.swift in Sources */ = {isa = PBXBuildFile; fileRef = EA73064B25678FB600A3EA61 /* MusicViewController.swift */; };
		EA73064E25678FB600A3EA61 /* MusicViewController.xib in Resources */ = {isa = PBXBuildFile; fileRef = EA73064C25678FB600A3EA61 /* MusicViewController.xib */; };
		EA730653256790B600A3EA61 /* MusicModel.swift in Sources */ = {isa = PBXBuildFile; fileRef = EA730652256790B600A3EA61 /* MusicModel.swift */; };
		EA7306592567917400A3EA61 /* Network.swift in Sources */ = {isa = PBXBuildFile; fileRef = EA7306582567917400A3EA61 /* Network.swift */; };
		EB7D3F2BEAB1FFE3601CEB19 /* Pods_MusicPlayer.framework in Frameworks */ = {isa = PBXBuildFile; fileRef = 01FACEAC9E1CA33B44501D7D /* Pods_MusicPlayer.framework */; };
/* End PBXBuildFile section */

/* Begin PBXFileReference section */
		01FACEAC9E1CA33B44501D7D /* Pods_MusicPlayer.framework */ = {isa = PBXFileReference; explicitFileType = wrapper.framework; includeInIndex = 0; path = Pods_MusicPlayer.framework; sourceTree = BUILT_PRODUCTS_DIR; };
		2AA4EBF1D2287A28546FF178 /* Pods-MusicPlayer.debug.xcconfig */ = {isa = PBXFileReference; includeInIndex = 1; lastKnownFileType = text.xcconfig; name = "Pods-MusicPlayer.debug.xcconfig"; path = "Target Support Files/Pods-MusicPlayer/Pods-MusicPlayer.debug.xcconfig"; sourceTree = "<group>"; };
		CD389F912DDDB25CDCA2B30C /* Pods-MusicPlayer.release.xcconfig */ = {isa = PBXFileReference; includeInIndex = 1; lastKnownFileType = text.xcconfig; name = "Pods-MusicPlayer.release.xcconfig"; path = "Target Support Files/Pods-MusicPlayer/Pods-MusicPlayer.release.xcconfig"; sourceTree = "<group>"; };
		EA6ADC8A256D073E00DB819B /* LyricsTableViewCell.swift */ = {isa = PBXFileReference; lastKnownFileType = sourcecode.swift; path = LyricsTableViewCell.swift; sourceTree = "<group>"; };
		EA6ADC8B256D073E00DB819B /* LyricsTableViewCell.xib */ = {isa = PBXFileReference; lastKnownFileType = file.xib; path = LyricsTableViewCell.xib; sourceTree = "<group>"; };
		EA7305C1256780A200A3EA61 /* MusicPlayer.app */ = {isa = PBXFileReference; explicitFileType = wrapper.application; includeInIndex = 0; path = MusicPlayer.app; sourceTree = BUILT_PRODUCTS_DIR; };
		EA7305C4256780A200A3EA61 /* AppDelegate.swift */ = {isa = PBXFileReference; lastKnownFileType = sourcecode.swift; path = AppDelegate.swift; sourceTree = "<group>"; };
		EA7305C6256780A200A3EA61 /* SceneDelegate.swift */ = {isa = PBXFileReference; lastKnownFileType = sourcecode.swift; path = SceneDelegate.swift; sourceTree = "<group>"; };
		EA7305CB256780A200A3EA61 /* Base */ = {isa = PBXFileReference; lastKnownFileType = file.storyboard; name = Base; path = Base.lproj/Main.storyboard; sourceTree = "<group>"; };
		EA7305CD256780A400A3EA61 /* Assets.xcassets */ = {isa = PBXFileReference; lastKnownFileType = folder.assetcatalog; path = Assets.xcassets; sourceTree = "<group>"; };
		EA7305D0256780A400A3EA61 /* Base */ = {isa = PBXFileReference; lastKnownFileType = file.storyboard; name = Base; path = Base.lproj/LaunchScreen.storyboard; sourceTree = "<group>"; };
		EA7305D2256780A400A3EA61 /* Info.plist */ = {isa = PBXFileReference; lastKnownFileType = text.plist.xml; path = Info.plist; sourceTree = "<group>"; };
		EA73064825678D9D00A3EA61 /* LaunchViewController.swift */ = {isa = PBXFileReference; lastKnownFileType = sourcecode.swift; path = LaunchViewController.swift; sourceTree = "<group>"; };
		EA73064B25678FB600A3EA61 /* MusicViewController.swift */ = {isa = PBXFileReference; lastKnownFileType = sourcecode.swift; path = MusicViewController.swift; sourceTree = "<group>"; };
		EA73064C25678FB600A3EA61 /* MusicViewController.xib */ = {isa = PBXFileReference; lastKnownFileType = file.xib; path = MusicViewController.xib; sourceTree = "<group>"; };
		EA730652256790B600A3EA61 /* MusicModel.swift */ = {isa = PBXFileReference; lastKnownFileType = sourcecode.swift; path = MusicModel.swift; sourceTree = "<group>"; };
		EA7306582567917400A3EA61 /* Network.swift */ = {isa = PBXFileReference; lastKnownFileType = sourcecode.swift; path = Network.swift; sourceTree = "<group>"; };
/* End PBXFileReference section */

/* Begin PBXFrameworksBuildPhase section */
		EA7305BE256780A200A3EA61 /* Frameworks */ = {
			isa = PBXFrameworksBuildPhase;
			buildActionMask = 2147483647;
			files = (
				EB7D3F2BEAB1FFE3601CEB19 /* Pods_MusicPlayer.framework in Frameworks */,
			);
			runOnlyForDeploymentPostprocessing = 0;
		};
/* End PBXFrameworksBuildPhase section */

/* Begin PBXGroup section */
		4494D592CF0F12B50E17D9AF /* Pods */ = {
			isa = PBXGroup;
			children = (
				2AA4EBF1D2287A28546FF178 /* Pods-MusicPlayer.debug.xcconfig */,
				CD389F912DDDB25CDCA2B30C /* Pods-MusicPlayer.release.xcconfig */,
			);
			path = Pods;
			sourceTree = "<group>";
		};
		676E321F848CD5B980F43ECC /* Frameworks */ = {
			isa = PBXGroup;
			children = (
				01FACEAC9E1CA33B44501D7D /* Pods_MusicPlayer.framework */,
			);
			name = Frameworks;
			sourceTree = "<group>";
		};
		EA7305B8256780A200A3EA61 = {
			isa = PBXGroup;
			children = (
				EA7305C3256780A200A3EA61 /* MusicPlayer */,
				EA7305C2256780A200A3EA61 /* Products */,
				4494D592CF0F12B50E17D9AF /* Pods */,
				676E321F848CD5B980F43ECC /* Frameworks */,
			);
			sourceTree = "<group>";
		};
		EA7305C2256780A200A3EA61 /* Products */ = {
			isa = PBXGroup;
			children = (
				EA7305C1256780A200A3EA61 /* MusicPlayer.app */,
			);
			name = Products;
			sourceTree = "<group>";
		};
		EA7305C3256780A200A3EA61 /* MusicPlayer */ = {
			isa = PBXGroup;
			children = (
				EA7306572567916600A3EA61 /* Network */,
				EA730651256790A700A3EA61 /* Model */,
				EA7305DB256780F100A3EA61 /* View */,
				EA7305C4256780A200A3EA61 /* AppDelegate.swift */,
				EA7305C6256780A200A3EA61 /* SceneDelegate.swift */,
				EA7305CA256780A200A3EA61 /* Main.storyboard */,
				EA7305CD256780A400A3EA61 /* Assets.xcassets */,
				EA7305CF256780A400A3EA61 /* LaunchScreen.storyboard */,
				EA7305D2256780A400A3EA61 /* Info.plist */,
			);
			path = MusicPlayer;
			sourceTree = "<group>";
		};
		EA7305DB256780F100A3EA61 /* View */ = {
			isa = PBXGroup;
			children = (
				EA7305E7256782F300A3EA61 /* Splash */,
				EA73064B25678FB600A3EA61 /* MusicViewController.swift */,
				EA73064C25678FB600A3EA61 /* MusicViewController.xib */,
				EA6ADC8A256D073E00DB819B /* LyricsTableViewCell.swift */,
				EA6ADC8B256D073E00DB819B /* LyricsTableViewCell.xib */,
			);
			path = View;
			sourceTree = "<group>";
		};
		EA7305E7256782F300A3EA61 /* Splash */ = {
			isa = PBXGroup;
			children = (
				EA73064825678D9D00A3EA61 /* LaunchViewController.swift */,
			);
			path = Splash;
			sourceTree = "<group>";
		};
		EA730651256790A700A3EA61 /* Model */ = {
			isa = PBXGroup;
			children = (
				EA730652256790B600A3EA61 /* MusicModel.swift */,
			);
			path = Model;
			sourceTree = "<group>";
		};
		EA7306572567916600A3EA61 /* Network */ = {
			isa = PBXGroup;
			children = (
				EA7306582567917400A3EA61 /* Network.swift */,
			);
			path = Network;
			sourceTree = "<group>";
		};
/* End PBXGroup section */

/* Begin PBXNativeTarget section */
		EA7305C0256780A200A3EA61 /* MusicPlayer */ = {
			isa = PBXNativeTarget;
			buildConfigurationList = EA7305D5256780A400A3EA61 /* Build configuration list for PBXNativeTarget "MusicPlayer" */;
			buildPhases = (
				CFEA98B7AE5B0B04E23D1956 /* [CP] Check Pods Manifest.lock */,
				EA7305BD256780A200A3EA61 /* Sources */,
				EA7305BE256780A200A3EA61 /* Frameworks */,
				EA7305BF256780A200A3EA61 /* Resources */,
				0534561122AB666D551E5ED3 /* [CP] Embed Pods Frameworks */,
			);
			buildRules = (
			);
			dependencies = (
			);
			name = MusicPlayer;
			productName = MusicPlayer;
			productReference = EA7305C1256780A200A3EA61 /* MusicPlayer.app */;
			productType = "com.apple.product-type.application";
		};
/* End PBXNativeTarget section */

/* Begin PBXProject section */
		EA7305B9256780A200A3EA61 /* Project object */ = {
			isa = PBXProject;
			attributes = {
				LastSwiftUpdateCheck = 1220;
				LastUpgradeCheck = 1220;
				TargetAttributes = {
					EA7305C0256780A200A3EA61 = {
						CreatedOnToolsVersion = 12.2;
					};
				};
			};
			buildConfigurationList = EA7305BC256780A200A3EA61 /* Build configuration list for PBXProject "MusicPlayer" */;
			compatibilityVersion = "Xcode 9.3";
			developmentRegion = en;
			hasScannedForEncodings = 0;
			knownRegions = (
				en,
				Base,
			);
			mainGroup = EA7305B8256780A200A3EA61;
			productRefGroup = EA7305C2256780A200A3EA61 /* Products */;
			projectDirPath = "";
			projectRoot = "";
			targets = (
				EA7305C0256780A200A3EA61 /* MusicPlayer */,
			);
		};
/* End PBXProject section */

/* Begin PBXResourcesBuildPhase section */
		EA7305BF256780A200A3EA61 /* Resources */ = {
			isa = PBXResourcesBuildPhase;
			buildActionMask = 2147483647;
			files = (
				EA6ADC8D256D073E00DB819B /* LyricsTableViewCell.xib in Resources */,
				EA73064E25678FB600A3EA61 /* MusicViewController.xib in Resources */,
				EA7305D1256780A400A3EA61 /* LaunchScreen.storyboard in Resources */,
				EA7305CE256780A400A3EA61 /* Assets.xcassets in Resources */,
				EA7305CC256780A200A3EA61 /* Main.storyboard in Resources */,
			);
			runOnlyForDeploymentPostprocessing = 0;
		};
/* End PBXResourcesBuildPhase section */

/* Begin PBXShellScriptBuildPhase section */
		0534561122AB666D551E5ED3 /* [CP] Embed Pods Frameworks */ = {
			isa = PBXShellScriptBuildPhase;
			buildActionMask = 2147483647;
			files = (
			);
			inputFileListPaths = (
				"${PODS_ROOT}/Target Support Files/Pods-MusicPlayer/Pods-MusicPlayer-frameworks-${CONFIGURATION}-input-files.xcfilelist",
			);
			name = "[CP] Embed Pods Frameworks";
			outputFileListPaths = (
				"${PODS_ROOT}/Target Support Files/Pods-MusicPlayer/Pods-MusicPlayer-frameworks-${CONFIGURATION}-output-files.xcfilelist",
			);
			runOnlyForDeploymentPostprocessing = 0;
			shellPath = /bin/sh;
			shellScript = "\"${PODS_ROOT}/Target Support Files/Pods-MusicPlayer/Pods-MusicPlayer-frameworks.sh\"\n";
			showEnvVarsInLog = 0;
		};
		CFEA98B7AE5B0B04E23D1956 /* [CP] Check Pods Manifest.lock */ = {
			isa = PBXShellScriptBuildPhase;
			buildActionMask = 2147483647;
			files = (
			);
			inputFileListPaths = (
			);
			inputPaths = (
				"${PODS_PODFILE_DIR_PATH}/Podfile.lock",
				"${PODS_ROOT}/Manifest.lock",
			);
			name = "[CP] Check Pods Manifest.lock";
			outputFileListPaths = (
			);
			outputPaths = (
				"$(DERIVED_FILE_DIR)/Pods-MusicPlayer-checkManifestLockResult.txt",
			);
			runOnlyForDeploymentPostprocessing = 0;
			shellPath = /bin/sh;
			shellScript = "diff \"${PODS_PODFILE_DIR_PATH}/Podfile.lock\" \"${PODS_ROOT}/Manifest.lock\" > /dev/null\nif [ $? != 0 ] ; then\n    # print error to STDERR\n    echo \"error: The sandbox is not in sync with the Podfile.lock. Run 'pod install' or update your CocoaPods installation.\" >&2\n    exit 1\nfi\n# This output is used by Xcode 'outputs' to avoid re-running this script phase.\necho \"SUCCESS\" > \"${SCRIPT_OUTPUT_FILE_0}\"\n";
			showEnvVarsInLog = 0;
		};
/* End PBXShellScriptBuildPhase section */

/* Begin PBXSourcesBuildPhase section */
		EA7305BD256780A200A3EA61 /* Sources */ = {
			isa = PBXSourcesBuildPhase;
			buildActionMask = 2147483647;
			files = (
				EA730653256790B600A3EA61 /* MusicModel.swift in Sources */,
				EA73064D25678FB600A3EA61 /* MusicViewController.swift in Sources */,
				EA7306592567917400A3EA61 /* Network.swift in Sources */,
				EA7305C5256780A200A3EA61 /* AppDelegate.swift in Sources */,
				EA7305C7256780A200A3EA61 /* SceneDelegate.swift in Sources */,
				EA6ADC8C256D073E00DB819B /* LyricsTableViewCell.swift in Sources */,
				EA73064925678D9D00A3EA61 /* LaunchViewController.swift in Sources */,
			);
			runOnlyForDeploymentPostprocessing = 0;
		};
/* End PBXSourcesBuildPhase section */

/* Begin PBXVariantGroup section */
		EA7305CA256780A200A3EA61 /* Main.storyboard */ = {
			isa = PBXVariantGroup;
			children = (
				EA7305CB256780A200A3EA61 /* Base */,
			);
			name = Main.storyboard;
			sourceTree = "<group>";
		};
		EA7305CF256780A400A3EA61 /* LaunchScreen.storyboard */ = {
			isa = PBXVariantGroup;
			children = (
				EA7305D0256780A400A3EA61 /* Base */,
			);
			name = LaunchScreen.storyboard;
			sourceTree = "<group>";
		};
/* End PBXVariantGroup section */

/* Begin XCBuildConfiguration section */
		EA7305D3256780A400A3EA61 /* Debug */ = {
			isa = XCBuildConfiguration;
			buildSettings = {
				ALWAYS_SEARCH_USER_PATHS = NO;
				CLANG_ANALYZER_NONNULL = YES;
				CLANG_ANALYZER_NUMBER_OBJECT_CONVERSION = YES_AGGRESSIVE;
				CLANG_CXX_LANGUAGE_STANDARD = "gnu++14";
				CLANG_CXX_LIBRARY = "libc++";
				CLANG_ENABLE_MODULES = YES;
				CLANG_ENABLE_OBJC_ARC = YES;
				CLANG_ENABLE_OBJC_WEAK = YES;
				CLANG_WARN_BLOCK_CAPTURE_AUTORELEASING = YES;
				CLANG_WARN_BOOL_CONVERSION = YES;
				CLANG_WARN_COMMA = YES;
				CLANG_WARN_CONSTANT_CONVERSION = YES;
				CLANG_WARN_DEPRECATED_OBJC_IMPLEMENTATIONS = YES;
				CLANG_WARN_DIRECT_OBJC_ISA_USAGE = YES_ERROR;
				CLANG_WARN_DOCUMENTATION_COMMENTS = YES;
				CLANG_WARN_EMPTY_BODY = YES;
				CLANG_WARN_ENUM_CONVERSION = YES;
				CLANG_WARN_INFINITE_RECURSION = YES;
				CLANG_WARN_INT_CONVERSION = YES;
				CLANG_WARN_NON_LITERAL_NULL_CONVERSION = YES;
				CLANG_WARN_OBJC_IMPLICIT_RETAIN_SELF = YES;
				CLANG_WARN_OBJC_LITERAL_CONVERSION = YES;
				CLANG_WARN_OBJC_ROOT_CLASS = YES_ERROR;
				CLANG_WARN_QUOTED_INCLUDE_IN_FRAMEWORK_HEADER = YES;
				CLANG_WARN_RANGE_LOOP_ANALYSIS = YES;
				CLANG_WARN_STRICT_PROTOTYPES = YES;
				CLANG_WARN_SUSPICIOUS_MOVE = YES;
				CLANG_WARN_UNGUARDED_AVAILABILITY = YES_AGGRESSIVE;
				CLANG_WARN_UNREACHABLE_CODE = YES;
				CLANG_WARN__DUPLICATE_METHOD_MATCH = YES;
				COPY_PHASE_STRIP = NO;
				DEBUG_INFORMATION_FORMAT = dwarf;
				ENABLE_STRICT_OBJC_MSGSEND = YES;
				ENABLE_TESTABILITY = YES;
				GCC_C_LANGUAGE_STANDARD = gnu11;
				GCC_DYNAMIC_NO_PIC = NO;
				GCC_NO_COMMON_BLOCKS = YES;
				GCC_OPTIMIZATION_LEVEL = 0;
				GCC_PREPROCESSOR_DEFINITIONS = (
					"DEBUG=1",
					"$(inherited)",
				);
				GCC_WARN_64_TO_32_BIT_CONVERSION = YES;
				GCC_WARN_ABOUT_RETURN_TYPE = YES_ERROR;
				GCC_WARN_UNDECLARED_SELECTOR = YES;
				GCC_WARN_UNINITIALIZED_AUTOS = YES_AGGRESSIVE;
				GCC_WARN_UNUSED_FUNCTION = YES;
				GCC_WARN_UNUSED_VARIABLE = YES;
				IPHONEOS_DEPLOYMENT_TARGET = 14.2;
				MTL_ENABLE_DEBUG_INFO = INCLUDE_SOURCE;
				MTL_FAST_MATH = YES;
				ONLY_ACTIVE_ARCH = YES;
				SDKROOT = iphoneos;
				SWIFT_ACTIVE_COMPILATION_CONDITIONS = DEBUG;
				SWIFT_OPTIMIZATION_LEVEL = "-Onone";
			};
			name = Debug;
		};
		EA7305D4256780A400A3EA61 /* Release */ = {
			isa = XCBuildConfiguration;
			buildSettings = {
				ALWAYS_SEARCH_USER_PATHS = NO;
				CLANG_ANALYZER_NONNULL = YES;
				CLANG_ANALYZER_NUMBER_OBJECT_CONVERSION = YES_AGGRESSIVE;
				CLANG_CXX_LANGUAGE_STANDARD = "gnu++14";
				CLANG_CXX_LIBRARY = "libc++";
				CLANG_ENABLE_MODULES = YES;
				CLANG_ENABLE_OBJC_ARC = YES;
				CLANG_ENABLE_OBJC_WEAK = YES;
				CLANG_WARN_BLOCK_CAPTURE_AUTORELEASING = YES;
				CLANG_WARN_BOOL_CONVERSION = YES;
				CLANG_WARN_COMMA = YES;
				CLANG_WARN_CONSTANT_CONVERSION = YES;
				CLANG_WARN_DEPRECATED_OBJC_IMPLEMENTATIONS = YES;
				CLANG_WARN_DIRECT_OBJC_ISA_USAGE = YES_ERROR;
				CLANG_WARN_DOCUMENTATION_COMMENTS = YES;
				CLANG_WARN_EMPTY_BODY = YES;
				CLANG_WARN_ENUM_CONVERSION = YES;
				CLANG_WARN_INFINITE_RECURSION = YES;
				CLANG_WARN_INT_CONVERSION = YES;
				CLANG_WARN_NON_LITERAL_NULL_CONVERSION = YES;
				CLANG_WARN_OBJC_IMPLICIT_RETAIN_SELF = YES;
				CLANG_WARN_OBJC_LITERAL_CONVERSION = YES;
				CLANG_WARN_OBJC_ROOT_CLASS = YES_ERROR;
				CLANG_WARN_QUOTED_INCLUDE_IN_FRAMEWORK_HEADER = YES;
				CLANG_WARN_RANGE_LOOP_ANALYSIS = YES;
				CLANG_WARN_STRICT_PROTOTYPES = YES;
				CLANG_WARN_SUSPICIOUS_MOVE = YES;
				CLANG_WARN_UNGUARDED_AVAILABILITY = YES_AGGRESSIVE;
				CLANG_WARN_UNREACHABLE_CODE = YES;
				CLANG_WARN__DUPLICATE_METHOD_MATCH = YES;
				COPY_PHASE_STRIP = NO;
				DEBUG_INFORMATION_FORMAT = "dwarf-with-dsym";
				ENABLE_NS_ASSERTIONS = NO;
				ENABLE_STRICT_OBJC_MSGSEND = YES;
				GCC_C_LANGUAGE_STANDARD = gnu11;
				GCC_NO_COMMON_BLOCKS = YES;
				GCC_WARN_64_TO_32_BIT_CONVERSION = YES;
				GCC_WARN_ABOUT_RETURN_TYPE = YES_ERROR;
				GCC_WARN_UNDECLARED_SELECTOR = YES;
				GCC_WARN_UNINITIALIZED_AUTOS = YES_AGGRESSIVE;
				GCC_WARN_UNUSED_FUNCTION = YES;
				GCC_WARN_UNUSED_VARIABLE = YES;
				IPHONEOS_DEPLOYMENT_TARGET = 14.2;
				MTL_ENABLE_DEBUG_INFO = NO;
				MTL_FAST_MATH = YES;
				SDKROOT = iphoneos;
				SWIFT_COMPILATION_MODE = wholemodule;
				SWIFT_OPTIMIZATION_LEVEL = "-O";
				VALIDATE_PRODUCT = YES;
			};
			name = Release;
		};
		EA7305D6256780A400A3EA61 /* Debug */ = {
			isa = XCBuildConfiguration;
			baseConfigurationReference = 2AA4EBF1D2287A28546FF178 /* Pods-MusicPlayer.debug.xcconfig */;
			buildSettings = {
				ASSETCATALOG_COMPILER_APPICON_NAME = AppIcon;
				ASSETCATALOG_COMPILER_GLOBAL_ACCENT_COLOR_NAME = AccentColor;
				CODE_SIGN_STYLE = Automatic;
				DEVELOPMENT_TEAM = U53BLS7M93;
				INFOPLIST_FILE = MusicPlayer/Info.plist;
				IPHONEOS_DEPLOYMENT_TARGET = 12.0;
				LD_RUNPATH_SEARCH_PATHS = (
					"$(inherited)",
					"@executable_path/Frameworks",
				);
				PRODUCT_BUNDLE_IDENTIFIER = key.MusicPlayer;
				PRODUCT_NAME = "$(TARGET_NAME)";
				SWIFT_VERSION = 5.0;
				TARGETED_DEVICE_FAMILY = 1;
			};
			name = Debug;
		};
		EA7305D7256780A400A3EA61 /* Release */ = {
			isa = XCBuildConfiguration;
			baseConfigurationReference = CD389F912DDDB25CDCA2B30C /* Pods-MusicPlayer.release.xcconfig */;
			buildSettings = {
				ASSETCATALOG_COMPILER_APPICON_NAME = AppIcon;
				ASSETCATALOG_COMPILER_GLOBAL_ACCENT_COLOR_NAME = AccentColor;
				CODE_SIGN_STYLE = Automatic;
				DEVELOPMENT_TEAM = U53BLS7M93;
				INFOPLIST_FILE = MusicPlayer/Info.plist;
				IPHONEOS_DEPLOYMENT_TARGET = 12.0;
				LD_RUNPATH_SEARCH_PATHS = (
					"$(inherited)",
					"@executable_path/Frameworks",
				);
				PRODUCT_BUNDLE_IDENTIFIER = key.MusicPlayer;
				PRODUCT_NAME = "$(TARGET_NAME)";
				SWIFT_VERSION = 5.0;
				TARGETED_DEVICE_FAMILY = 1;
			};
			name = Release;
		};
/* End XCBuildConfiguration section */

/* Begin XCConfigurationList section */
		EA7305BC256780A200A3EA61 /* Build configuration list for PBXProject "MusicPlayer" */ = {
			isa = XCConfigurationList;
			buildConfigurations = (
				EA7305D3256780A400A3EA61 /* Debug */,
				EA7305D4256780A400A3EA61 /* Release */,
			);
			defaultConfigurationIsVisible = 0;
			defaultConfigurationName = Release;
		};
		EA7305D5256780A400A3EA61 /* Build configuration list for PBXNativeTarget "MusicPlayer" */ = {
			isa = XCConfigurationList;
			buildConfigurations = (
				EA7305D6256780A400A3EA61 /* Debug */,
				EA7305D7256780A400A3EA61 /* Release */,
			);
			defaultConfigurationIsVisible = 0;
			defaultConfigurationName = Release;
		};
/* End XCConfigurationList section */
	};
	rootObject = EA7305B9256780A200A3EA61 /* Project object */;
}
